	<Project xmlns="http://schemas.microsoft.com/developer/msbuild/2003">
		<PropertyGroup>
			<ProjectGuid>{c0e76c4e-2739-43a5-8a5b-8a4979ab4af0}</ProjectGuid>
			<MainSource>EditorSwitchBlade.dpr</MainSource>
			<Configuration Condition=" '$(Configuration)' == '' ">Debug</Configuration>
			<DCC_DCCCompiler>DCC32</DCC_DCCCompiler>
			<DCC_DependencyCheckOutputName>..\bin\EditorSwitchBlade.exe</DCC_DependencyCheckOutputName>
			<ProjectVersion>12.2</ProjectVersion>
			<Base>True</Base>
			<Config Condition="'$(Config)'==''">Debug</Config>
			<Platform>Win32</Platform>
			<AppType>Application</AppType>
			<FrameworkType>VCL</FrameworkType>
		</PropertyGroup>
		<PropertyGroup Condition="'$(Config)'=='Base' or '$(Base)'!=''">
			<Base>true</Base>
		</PropertyGroup>
		<PropertyGroup Condition="'$(Config)'=='Release' or '$(Cfg_1)'!=''">
			<Cfg_1>true</Cfg_1>
			<CfgParent>Base</CfgParent>
			<Base>true</Base>
		</PropertyGroup>
		<PropertyGroup Condition="'$(Config)'=='Debug' or '$(Cfg_2)'!=''">
			<Cfg_2>true</Cfg_2>
			<CfgParent>Base</CfgParent>
			<Base>true</Base>
		</PropertyGroup>
		<PropertyGroup Condition="'$(Base)'!=''">
			<DCC_UnitAlias>WinTypes=Windows;WinProcs=Windows;DbiTypes=BDE;DbiProcs=BDE;DbiErrs=BDE;$(DCC_UnitAlias)</DCC_UnitAlias>
		</PropertyGroup>
		<PropertyGroup Condition="'$(Cfg_1)'!=''">
			<Version>7.0</Version>
			<DCC_DebugInformation>False</DCC_DebugInformation>
			<DCC_LocalDebugSymbols>False</DCC_LocalDebugSymbols>
			<DCC_SymbolReferenceInfo>0</DCC_SymbolReferenceInfo>
			<DCC_ExeOutput>..\bin\</DCC_ExeOutput>
			<DCC_Define>RELEASE;$(DCC_Define)</DCC_Define>
		</PropertyGroup>
		<PropertyGroup Condition="'$(Cfg_2)'!=''">
			<DCC_UnitSearchPath>..\CommonUnits\NativeXml;$(DCC_UnitSearchPath)</DCC_UnitSearchPath>
			<DCC_DcuOutput>..\dcu\</DCC_DcuOutput>
			<Version>7.0</Version>
			<DCC_ExeOutput>..\bin\</DCC_ExeOutput>
			<DCC_Define>DEBUG;$(DCC_Define)</DCC_Define>
		</PropertyGroup>
		<ProjectExtensions>
			<Borland.Personality>Delphi.Personality.12</Borland.Personality>
			<Borland.ProjectType/>
			<BorlandProject>
				<Delphi.Personality>
					<Parameters/>
					<VersionInfo>
						<VersionInfo Name="IncludeVerInfo">True</VersionInfo>
						<VersionInfo Name="AutoIncBuild">True</VersionInfo>
						<VersionInfo Name="MajorVer">0</VersionInfo>
						<VersionInfo Name="MinorVer">0</VersionInfo>
						<VersionInfo Name="Release">1</VersionInfo>
						<VersionInfo Name="Build">5</VersionInfo>
						<VersionInfo Name="Debug">False</VersionInfo>
						<VersionInfo Name="PreRelease">True</VersionInfo>
						<VersionInfo Name="Special">False</VersionInfo>
						<VersionInfo Name="Private">False</VersionInfo>
						<VersionInfo Name="DLL">False</VersionInfo>
						<VersionInfo Name="Locale">1049</VersionInfo>
						<VersionInfo Name="CodePage">1251</VersionInfo>
					</VersionInfo>
					<VersionInfoKeys>
						<VersionInfoKeys Name="CompanyName">LOLO Soft</VersionInfoKeys>
						<VersionInfoKeys Name="FileDescription">Редактор Switch Blade</VersionInfoKeys>
						<VersionInfoKeys Name="FileVersion">0.0.1.5</VersionInfoKeys>
						<VersionInfoKeys Name="InternalName">EditorSwitchBlade</VersionInfoKeys>
						<VersionInfoKeys Name="LegalCopyright">LOLO Soft</VersionInfoKeys>
						<VersionInfoKeys Name="LegalTrademarks">LOLO Soft</VersionInfoKeys>
						<VersionInfoKeys Name="OriginalFilename">Editor Switch Blade</VersionInfoKeys>
						<VersionInfoKeys Name="ProductName">Редактор Switch Blade</VersionInfoKeys>
						<VersionInfoKeys Name="ProductVersion">0.0.0.1</VersionInfoKeys>
						<VersionInfoKeys Name="Comments">Редактор Switch Blade</VersionInfoKeys>
					</VersionInfoKeys>
					<Source>
						<Source Name="MainSource">EditorSwitchBlade.dpr</Source>
					</Source>
				</Delphi.Personality>
				<Platforms>
					<Platform value="Win32">True</Platform>
				</Platforms>
			</BorlandProject>
			<ProjectFileVersion>12</ProjectFileVersion>
		</ProjectExtensions>
		<ItemGroup>
			<DelphiCompile Include="EditorSwitchBlade.dpr">
				<MainSource>MainSource</MainSource>
			</DelphiCompile>
			<DCCReference Include="uMain.pas">
				<Form>fmMain</Form>
			</DCCReference>
			<DCCReference Include="..\_OLD\uTextures.pas"/>
			<DCCReference Include="..\_OLD\uLevel.pas"/>
			<DCCReference Include="..\_OLD\uRoom.pas"/>
			<DCCReference Include="..\_OLD\uGameUnits.pas"/>
			<DCCReference Include="..\_OLD\uGameMenu.pas"/>
			<DCCReference Include="..\_OLD\uGameMenuItem.pas"/>
			<DCCReference Include="..\NativeXml\NativeXml.pas"/>
			<BuildConfiguration Include="Debug">
				<Key>Cfg_2</Key>
				<CfgParent>Base</CfgParent>
			</BuildConfiguration>
			<BuildConfiguration Include="Base">
				<Key>Base</Key>
			</BuildConfiguration>
			<BuildConfiguration Include="Release">
				<Key>Cfg_1</Key>
				<CfgParent>Base</CfgParent>
			</BuildConfiguration>
		</ItemGroup>
		<Import Condition="Exists('$(BDS)\Bin\CodeGear.Delphi.Targets')" Project="$(BDS)\Bin\CodeGear.Delphi.Targets"/>
		<Import Condition="Exists('$(APPDATA)\Embarcadero\$(BDSAPPDATABASEDIR)\8.0\UserTools.proj')" Project="$(APPDATA)\Embarcadero\$(BDSAPPDATABASEDIR)\8.0\UserTools.proj"/>
	</Project>
