	<Project xmlns="http://schemas.microsoft.com/developer/msbuild/2003">
		<PropertyGroup>
			<ProjectGuid>{c0e76c4e-2739-43a5-8a5b-8a4979ab4af0}</ProjectGuid>
			<MainSource>EditorSwitchBlade.dpr</MainSource>
			<Configuration Condition=" '$(Configuration)' == '' ">Debug</Configuration>
			<DCC_DCCCompiler>DCC32</DCC_DCCCompiler>
			<DCC_DependencyCheckOutputName>..\bin\EditorSwitchBlade.exe</DCC_DependencyCheckOutputName>
			<ProjectVersion>13.4</ProjectVersion>
			<Base>True</Base>
			<Config Condition="'$(Config)'==''">Debug</Config>
			<AppType>Application</AppType>
			<FrameworkType>VCL</FrameworkType>
			<Platform Condition="'$(Platform)'==''">Win32</Platform>
			<TargetedPlatforms>1</TargetedPlatforms>
		</PropertyGroup>
		<PropertyGroup Condition="'$(Config)'=='Base' or '$(Base)'!=''">
			<Base>true</Base>
		</PropertyGroup>
		<PropertyGroup Condition="('$(Platform)'=='Win64' and '$(Base)'=='true') or '$(Base_Win64)'!=''">
			<Base_Win64>true</Base_Win64>
			<CfgParent>Base</CfgParent>
			<Base>true</Base>
		</PropertyGroup>
		<PropertyGroup Condition="('$(Platform)'=='Win32' and '$(Base)'=='true') or '$(Base_Win32)'!=''">
			<Base_Win32>true</Base_Win32>
			<CfgParent>Base</CfgParent>
			<Base>true</Base>
		</PropertyGroup>
		<PropertyGroup Condition="'$(Config)'=='Release' or '$(Cfg_1)'!=''">
			<Cfg_1>true</Cfg_1>
			<CfgParent>Base</CfgParent>
			<Base>true</Base>
		</PropertyGroup>
		<PropertyGroup Condition="'$(Config)'=='Debug' or '$(Cfg_2)'!=''">
			<Cfg_2>true</Cfg_2>
			<CfgParent>Base</CfgParent>
			<Base>true</Base>
		</PropertyGroup>
		<PropertyGroup Condition="'$(Base)'!=''">
			<VerInfo_IncludeVerInfo>true</VerInfo_IncludeVerInfo>
			<VerInfo_AutoGenVersion>true</VerInfo_AutoGenVersion>
			<DCC_Namespace>Vcl;Vcl.Imaging;Vcl.Touch;Vcl.Samples;Vcl.Shell;System;Xml;Data;Datasnap;Web;Soap;Winapi;$(DCC_Namespace)</DCC_Namespace>
			<VerInfo_MajorVer>0</VerInfo_MajorVer>
			<VerInfo_PreRelease>true</VerInfo_PreRelease>
			<VerInfo_Locale>1049</VerInfo_Locale>
			<VerInfo_Release>1</VerInfo_Release>
			<VerInfo_Build>5</VerInfo_Build>
			<VerInfo_Keys>CompanyName=LOLO Soft;FileDescription=Редактор Switch Blade;FileVersion=0.0.1.5;InternalName=EditorSwitchBlade;LegalCopyright=LOLO Soft;LegalTrademarks=LOLO Soft;OriginalFilename=Editor Switch Blade;ProductName=Редактор Switch Blade;ProductVersion=0.0.0.1;Comments=Редактор Switch Blade</VerInfo_Keys>
		</PropertyGroup>
		<PropertyGroup Condition="'$(Base_Win64)'!=''">
			<Icon_MainIcon>EditorSwitchBlade_Icon.ico</Icon_MainIcon>
		</PropertyGroup>
		<PropertyGroup Condition="'$(Base_Win32)'!=''">
			<VerInfo_IncludeVerInfo>true</VerInfo_IncludeVerInfo>
			<Icon_MainIcon>EditorSwitchBlade_Icon.ico</Icon_MainIcon>
			<DCC_Namespace>Winapi;System.Win;Data.Win;Datasnap.Win;Web.Win;Soap.Win;Xml.Win;Bde;$(DCC_Namespace)</DCC_Namespace>
			<VerInfo_Locale>1033</VerInfo_Locale>
			<Manifest_File>$(BDS)\bin\default_app.manifest</Manifest_File>
			<VerInfo_Keys>CompanyName=;FileDescription=;FileVersion=1.0.0.0;InternalName=;LegalCopyright=;LegalTrademarks=;OriginalFilename=;ProductName=;ProductVersion=1.0.0.0;Comments=</VerInfo_Keys>
		</PropertyGroup>
		<PropertyGroup Condition="'$(Cfg_1)'!=''">
			<Version>7.0</Version>
			<DCC_DebugInformation>False</DCC_DebugInformation>
			<DCC_LocalDebugSymbols>False</DCC_LocalDebugSymbols>
			<DCC_SymbolReferenceInfo>0</DCC_SymbolReferenceInfo>
			<DCC_ExeOutput>..\bin\</DCC_ExeOutput>
			<DCC_Define>RELEASE;$(DCC_Define)</DCC_Define>
		</PropertyGroup>
		<PropertyGroup Condition="'$(Cfg_2)'!=''">
			<DCC_UnitSearchPath>..\CommonUnits\NativeXml;$(DCC_UnitSearchPath)</DCC_UnitSearchPath>
			<DCC_DcuOutput>..\dcu\</DCC_DcuOutput>
			<Version>7.0</Version>
			<DCC_ExeOutput>..\bin\</DCC_ExeOutput>
			<DCC_Define>DEBUG;$(DCC_Define)</DCC_Define>
		</PropertyGroup>
		<ProjectExtensions>
			<Borland.Personality>Delphi.Personality.12</Borland.Personality>
			<Borland.ProjectType/>
			<BorlandProject>
				<Delphi.Personality>
					<Parameters/>
					<VersionInfo>
						<VersionInfo Name="IncludeVerInfo">True</VersionInfo>
						<VersionInfo Name="AutoIncBuild">True</VersionInfo>
						<VersionInfo Name="MajorVer">0</VersionInfo>
						<VersionInfo Name="MinorVer">0</VersionInfo>
						<VersionInfo Name="Release">1</VersionInfo>
						<VersionInfo Name="Build">5</VersionInfo>
						<VersionInfo Name="Debug">False</VersionInfo>
						<VersionInfo Name="PreRelease">True</VersionInfo>
						<VersionInfo Name="Special">False</VersionInfo>
						<VersionInfo Name="Private">False</VersionInfo>
						<VersionInfo Name="DLL">False</VersionInfo>
						<VersionInfo Name="Locale">1049</VersionInfo>
						<VersionInfo Name="CodePage">1251</VersionInfo>
					</VersionInfo>
					<VersionInfoKeys>
						<VersionInfoKeys Name="CompanyName">LOLO Soft</VersionInfoKeys>
						<VersionInfoKeys Name="FileDescription">Редактор Switch Blade</VersionInfoKeys>
						<VersionInfoKeys Name="FileVersion">0.0.1.5</VersionInfoKeys>
						<VersionInfoKeys Name="InternalName">EditorSwitchBlade</VersionInfoKeys>
						<VersionInfoKeys Name="LegalCopyright">LOLO Soft</VersionInfoKeys>
						<VersionInfoKeys Name="LegalTrademarks">LOLO Soft</VersionInfoKeys>
						<VersionInfoKeys Name="OriginalFilename">Editor Switch Blade</VersionInfoKeys>
						<VersionInfoKeys Name="ProductName">Редактор Switch Blade</VersionInfoKeys>
						<VersionInfoKeys Name="ProductVersion">0.0.0.1</VersionInfoKeys>
						<VersionInfoKeys Name="Comments">Редактор Switch Blade</VersionInfoKeys>
					</VersionInfoKeys>
					<Source>
						<Source Name="MainSource">EditorSwitchBlade.dpr</Source>
					</Source>
				</Delphi.Personality>
				<Platforms>
					<Platform value="Win64">False</Platform>
					<Platform value="Win32">True</Platform>
				</Platforms>
			</BorlandProject>
			<ProjectFileVersion>12</ProjectFileVersion>
		</ProjectExtensions>
		<ItemGroup>
			<DelphiCompile Include="$(MainSource)">
				<MainSource>MainSource</MainSource>
			</DelphiCompile>
			<DCCReference Include="uMain.pas">
				<Form>fmMain</Form>
			</DCCReference>
			<DCCReference Include="..\_OLD\uTextures.pas"/>
			<DCCReference Include="..\_OLD\uLevel.pas"/>
			<DCCReference Include="..\_OLD\uRoom.pas"/>
			<DCCReference Include="..\_OLD\uGameUnits.pas"/>
			<DCCReference Include="..\_OLD\uGameMenu.pas"/>
			<DCCReference Include="..\_OLD\uGameMenuItem.pas"/>
			<DCCReference Include="..\CommonUnits\NativeXml\NativeXml.pas"/>
			<BuildConfiguration Include="Debug">
				<Key>Cfg_2</Key>
				<CfgParent>Base</CfgParent>
			</BuildConfiguration>
			<BuildConfiguration Include="Base">
				<Key>Base</Key>
			</BuildConfiguration>
			<BuildConfiguration Include="Release">
				<Key>Cfg_1</Key>
				<CfgParent>Base</CfgParent>
			</BuildConfiguration>
		</ItemGroup>
		<Import Condition="Exists('$(BDS)\Bin\CodeGear.Delphi.Targets')" Project="$(BDS)\Bin\CodeGear.Delphi.Targets"/>
		<Import Condition="Exists('$(APPDATA)\Embarcadero\$(BDSAPPDATABASEDIR)\$(PRODUCTVERSION)\UserTools.proj')" Project="$(APPDATA)\Embarcadero\$(BDSAPPDATABASEDIR)\$(PRODUCTVERSION)\UserTools.proj"/>
	</Project>
